
Microsoft Visual Studio Solution File, Format Version 12.00
# Visual Studio 15
VisualStudioVersion = 15.0.26430.15
MinimumVisualStudioVersion = 10.0.40219.1
Project("{9A19103F-16F7-4668-BE54-9A1E7A4F7556}") = "NGC.UI", "NGC.UI\NGC.UI.csproj", "{2F7FB6A1-9341-476D-9677-76FB5C10F865}"
EndProject
Project("{9A19103F-16F7-4668-BE54-9A1E7A4F7556}") = "NGC.DAL", "NGC.DAL\NGC.DAL.csproj", "{DC8E626E-5E5C-4AAA-9FC2-B5D8D1C6F4EF}"
EndProject
Project("{9A19103F-16F7-4668-BE54-9A1E7A4F7556}") = "NGC.BLL", "NGC.BLL\NGC.BLL.csproj", "{4F6D226C-8806-41B3-9E97-99621133836B}"
EndProject
Project("{9A19103F-16F7-4668-BE54-9A1E7A4F7556}") = "NGC.Test", "NGC.Test\NGC.Test.csproj", "{C82A3015-1183-409E-9C22-E71C23527011}"
EndProject
Project("{9A19103F-16F7-4668-BE54-9A1E7A4F7556}") = "NGC.Model", "NGC.Model\NGC.Model.csproj", "{0FFC3728-B3C0-4E4E-BC0C-D1E6277058BD}"
EndProject
Project("{9A19103F-16F7-4668-BE54-9A1E7A4F7556}") = "NGC.Common", "NGC.Common\NGC.Common.csproj", "{56E2384D-CABB-4A23-9A05-1772E2D17065}"
EndProject
Project("{9A19103F-16F7-4668-BE54-9A1E7A4F7556}") = "NGC.Console", "NGC.Console\NGC.Console.csproj", "{98ED2424-F3D9-407F-AFAB-507F391EB7BD}"
EndProject
Global
	GlobalSection(SolutionConfigurationPlatforms) = preSolution
		Debug|Any CPU = Debug|Any CPU
		Release|Any CPU = Release|Any CPU
	EndGlobalSection
	GlobalSection(ProjectConfigurationPlatforms) = postSolution
		{2F7FB6A1-9341-476D-9677-76FB5C10F865}.Debug|Any CPU.ActiveCfg = Debug|Any CPU
		{2F7FB6A1-9341-476D-9677-76FB5C10F865}.Debug|Any CPU.Build.0 = Debug|Any CPU
		{2F7FB6A1-9341-476D-9677-76FB5C10F865}.Release|Any CPU.ActiveCfg = Release|Any CPU
		{2F7FB6A1-9341-476D-9677-76FB5C10F865}.Release|Any CPU.Build.0 = Release|Any CPU
		{DC8E626E-5E5C-4AAA-9FC2-B5D8D1C6F4EF}.Debug|Any CPU.ActiveCfg = Debug|Any CPU
		{DC8E626E-5E5C-4AAA-9FC2-B5D8D1C6F4EF}.Debug|Any CPU.Build.0 = Debug|Any CPU
		{DC8E626E-5E5C-4AAA-9FC2-B5D8D1C6F4EF}.Release|Any CPU.ActiveCfg = Release|Any CPU
		{DC8E626E-5E5C-4AAA-9FC2-B5D8D1C6F4EF}.Release|Any CPU.Build.0 = Release|Any CPU
		{4F6D226C-8806-41B3-9E97-99621133836B}.Debug|Any CPU.ActiveCfg = Debug|Any CPU
		{4F6D226C-8806-41B3-9E97-99621133836B}.Debug|Any CPU.Build.0 = Debug|Any CPU
		{4F6D226C-8806-41B3-9E97-99621133836B}.Release|Any CPU.ActiveCfg = Release|Any CPU
		{4F6D226C-8806-41B3-9E97-99621133836B}.Release|Any CPU.Build.0 = Release|Any CPU
		{C82A3015-1183-409E-9C22-E71C23527011}.Debug|Any CPU.ActiveCfg = Debug|Any CPU
		{C82A3015-1183-409E-9C22-E71C23527011}.Debug|Any CPU.Build.0 = Debug|Any CPU
		{C82A3015-1183-409E-9C22-E71C23527011}.Release|Any CPU.ActiveCfg = Release|Any CPU
		{C82A3015-1183-409E-9C22-E71C23527011}.Release|Any CPU.Build.0 = Release|Any CPU
		{0FFC3728-B3C0-4E4E-BC0C-D1E6277058BD}.Debug|Any CPU.ActiveCfg = Debug|Any CPU
		{0FFC3728-B3C0-4E4E-BC0C-D1E6277058BD}.Debug|Any CPU.Build.0 = Debug|Any CPU
		{0FFC3728-B3C0-4E4E-BC0C-D1E6277058BD}.Release|Any CPU.ActiveCfg = Release|Any CPU
		{0FFC3728-B3C0-4E4E-BC0C-D1E6277058BD}.Release|Any CPU.Build.0 = Release|Any CPU
		{56E2384D-CABB-4A23-9A05-1772E2D17065}.Debug|Any CPU.ActiveCfg = Debug|Any CPU
		{56E2384D-CABB-4A23-9A05-1772E2D17065}.Debug|Any CPU.Build.0 = Debug|Any CPU
		{56E2384D-CABB-4A23-9A05-1772E2D17065}.Release|Any CPU.ActiveCfg = Release|Any CPU
		{56E2384D-CABB-4A23-9A05-1772E2D17065}.Release|Any CPU.Build.0 = Release|Any CPU
		{98ED2424-F3D9-407F-AFAB-507F391EB7BD}.Debug|Any CPU.ActiveCfg = Debug|Any CPU
		{98ED2424-F3D9-407F-AFAB-507F391EB7BD}.Debug|Any CPU.Build.0 = Debug|Any CPU
		{98ED2424-F3D9-407F-AFAB-507F391EB7BD}.Release|Any CPU.ActiveCfg = Release|Any CPU
		{98ED2424-F3D9-407F-AFAB-507F391EB7BD}.Release|Any CPU.Build.0 = Release|Any CPU
	EndGlobalSection
	GlobalSection(SolutionProperties) = preSolution
		HideSolutionNode = FALSE
	EndGlobalSection
EndGlobal
